// !$*UTF8*$!
{
	archiveVersion = 1;
	classes = {
	};
	objectVersion = 52;
	objects = {

/* Begin PBXBuildFile section */
		8C8C0F6E2607D4A800E7B987 /* AppDelegate.swift in Sources */ = {isa = PBXBuildFile; fileRef = 8C8C0F6D2607D4A800E7B987 /* AppDelegate.swift */; };
		8C8C0F702607D4A800E7B987 /* SceneDelegate.swift in Sources */ = {isa = PBXBuildFile; fileRef = 8C8C0F6F2607D4A800E7B987 /* SceneDelegate.swift */; };
		8C8C0F752607D4A800E7B987 /* Main.storyboard in Resources */ = {isa = PBXBuildFile; fileRef = 8C8C0F732607D4A800E7B987 /* Main.storyboard */; };
		8C8C0F772607D4A900E7B987 /* Assets.xcassets in Resources */ = {isa = PBXBuildFile; fileRef = 8C8C0F762607D4A900E7B987 /* Assets.xcassets */; };
		8C8C0F7A2607D4A900E7B987 /* LaunchScreen.storyboard in Resources */ = {isa = PBXBuildFile; fileRef = 8C8C0F782607D4A900E7B987 /* LaunchScreen.storyboard */; };
		8C8C0F852607D4A900E7B987 /* IVExampleTests.swift in Sources */ = {isa = PBXBuildFile; fileRef = 8C8C0F842607D4A900E7B987 /* IVExampleTests.swift */; };
		8C8C0F902607D4A900E7B987 /* IVExampleUITests.swift in Sources */ = {isa = PBXBuildFile; fileRef = 8C8C0F8F2607D4A900E7B987 /* IVExampleUITests.swift */; };
		8C8C0FB42607D5C200E7B987 /* UsersListCommand.swift in Sources */ = {isa = PBXBuildFile; fileRef = 8C8C0FAD2607D5C200E7B987 /* UsersListCommand.swift */; };
		8C8C0FB52607D5C200E7B987 /* UserViewItem.swift in Sources */ = {isa = PBXBuildFile; fileRef = 8C8C0FAE2607D5C200E7B987 /* UserViewItem.swift */; };
		8C8C0FB62607D5C200E7B987 /* UsersListEvent.swift in Sources */ = {isa = PBXBuildFile; fileRef = 8C8C0FAF2607D5C200E7B987 /* UsersListEvent.swift */; };
		8C8C0FB72607D5C200E7B987 /* UsersListInteractor.swift in Sources */ = {isa = PBXBuildFile; fileRef = 8C8C0FB02607D5C200E7B987 /* UsersListInteractor.swift */; };
		8C8C0FB82607D5C200E7B987 /* UsersListView.swift in Sources */ = {isa = PBXBuildFile; fileRef = 8C8C0FB12607D5C200E7B987 /* UsersListView.swift */; };
		8C8C0FB92607D5C200E7B987 /* User.swift in Sources */ = {isa = PBXBuildFile; fileRef = 8C8C0FB32607D5C200E7B987 /* User.swift */; };
		8C8C0FBF2607D61E00E7B987 /* IV in Frameworks */ = {isa = PBXBuildFile; productRef = 8C8C0FBE2607D61E00E7B987 /* IV */; };
/* End PBXBuildFile section */

/* Begin PBXContainerItemProxy section */
		8C8C0F812607D4A900E7B987 /* PBXContainerItemProxy */ = {
			isa = PBXContainerItemProxy;
			containerPortal = 8C8C0F622607D4A800E7B987 /* Project object */;
			proxyType = 1;
			remoteGlobalIDString = 8C8C0F692607D4A800E7B987;
			remoteInfo = IVExample;
		};
		8C8C0F8C2607D4A900E7B987 /* PBXContainerItemProxy */ = {
			isa = PBXContainerItemProxy;
			containerPortal = 8C8C0F622607D4A800E7B987 /* Project object */;
			proxyType = 1;
			remoteGlobalIDString = 8C8C0F692607D4A800E7B987;
			remoteInfo = IVExample;
		};
/* End PBXContainerItemProxy section */

/* Begin PBXFileReference section */
		8C8C0F6A2607D4A800E7B987 /* IVExample.app */ = {isa = PBXFileReference; explicitFileType = wrapper.application; includeInIndex = 0; path = IVExample.app; sourceTree = BUILT_PRODUCTS_DIR; };
		8C8C0F6D2607D4A800E7B987 /* AppDelegate.swift */ = {isa = PBXFileReference; lastKnownFileType = sourcecode.swift; path = AppDelegate.swift; sourceTree = "<group>"; };
		8C8C0F6F2607D4A800E7B987 /* SceneDelegate.swift */ = {isa = PBXFileReference; lastKnownFileType = sourcecode.swift; path = SceneDelegate.swift; sourceTree = "<group>"; };
		8C8C0F742607D4A800E7B987 /* Base */ = {isa = PBXFileReference; lastKnownFileType = file.storyboard; name = Base; path = Base.lproj/Main.storyboard; sourceTree = "<group>"; };
		8C8C0F762607D4A900E7B987 /* Assets.xcassets */ = {isa = PBXFileReference; lastKnownFileType = folder.assetcatalog; path = Assets.xcassets; sourceTree = "<group>"; };
		8C8C0F792607D4A900E7B987 /* Base */ = {isa = PBXFileReference; lastKnownFileType = file.storyboard; name = Base; path = Base.lproj/LaunchScreen.storyboard; sourceTree = "<group>"; };
		8C8C0F7B2607D4A900E7B987 /* Info.plist */ = {isa = PBXFileReference; lastKnownFileType = text.plist.xml; path = Info.plist; sourceTree = "<group>"; };
		8C8C0F802607D4A900E7B987 /* IVExampleTests.xctest */ = {isa = PBXFileReference; explicitFileType = wrapper.cfbundle; includeInIndex = 0; path = IVExampleTests.xctest; sourceTree = BUILT_PRODUCTS_DIR; };
		8C8C0F842607D4A900E7B987 /* IVExampleTests.swift */ = {isa = PBXFileReference; lastKnownFileType = sourcecode.swift; path = IVExampleTests.swift; sourceTree = "<group>"; };
		8C8C0F862607D4A900E7B987 /* Info.plist */ = {isa = PBXFileReference; lastKnownFileType = text.plist.xml; path = Info.plist; sourceTree = "<group>"; };
		8C8C0F8B2607D4A900E7B987 /* IVExampleUITests.xctest */ = {isa = PBXFileReference; explicitFileType = wrapper.cfbundle; includeInIndex = 0; path = IVExampleUITests.xctest; sourceTree = BUILT_PRODUCTS_DIR; };
		8C8C0F8F2607D4A900E7B987 /* IVExampleUITests.swift */ = {isa = PBXFileReference; lastKnownFileType = sourcecode.swift; path = IVExampleUITests.swift; sourceTree = "<group>"; };
		8C8C0F912607D4A900E7B987 /* Info.plist */ = {isa = PBXFileReference; lastKnownFileType = text.plist.xml; path = Info.plist; sourceTree = "<group>"; };
		8C8C0FA82607D4EF00E7B987 /* IV */ = {isa = PBXFileReference; lastKnownFileType = folder; name = IV; path = ..; sourceTree = "<group>"; };
		8C8C0FAD2607D5C200E7B987 /* UsersListCommand.swift */ = {isa = PBXFileReference; fileEncoding = 4; lastKnownFileType = sourcecode.swift; path = UsersListCommand.swift; sourceTree = "<group>"; };
		8C8C0FAE2607D5C200E7B987 /* UserViewItem.swift */ = {isa = PBXFileReference; fileEncoding = 4; lastKnownFileType = sourcecode.swift; path = UserViewItem.swift; sourceTree = "<group>"; };
		8C8C0FAF2607D5C200E7B987 /* UsersListEvent.swift */ = {isa = PBXFileReference; fileEncoding = 4; lastKnownFileType = sourcecode.swift; path = UsersListEvent.swift; sourceTree = "<group>"; };
		8C8C0FB02607D5C200E7B987 /* UsersListInteractor.swift */ = {isa = PBXFileReference; fileEncoding = 4; lastKnownFileType = sourcecode.swift; path = UsersListInteractor.swift; sourceTree = "<group>"; };
		8C8C0FB12607D5C200E7B987 /* UsersListView.swift */ = {isa = PBXFileReference; fileEncoding = 4; lastKnownFileType = sourcecode.swift; path = UsersListView.swift; sourceTree = "<group>"; };
		8C8C0FB32607D5C200E7B987 /* User.swift */ = {isa = PBXFileReference; fileEncoding = 4; lastKnownFileType = sourcecode.swift; path = User.swift; sourceTree = "<group>"; };
/* End PBXFileReference section */

/* Begin PBXFrameworksBuildPhase section */
		8C8C0F672607D4A800E7B987 /* Frameworks */ = {
			isa = PBXFrameworksBuildPhase;
			buildActionMask = 2147483647;
			files = (
				8C8C0FBF2607D61E00E7B987 /* IV in Frameworks */,
			);
			runOnlyForDeploymentPostprocessing = 0;
		};
		8C8C0F7D2607D4A900E7B987 /* Frameworks */ = {
			isa = PBXFrameworksBuildPhase;
			buildActionMask = 2147483647;
			files = (
			);
			runOnlyForDeploymentPostprocessing = 0;
		};
		8C8C0F882607D4A900E7B987 /* Frameworks */ = {
			isa = PBXFrameworksBuildPhase;
			buildActionMask = 2147483647;
			files = (
			);
			runOnlyForDeploymentPostprocessing = 0;
		};
/* End PBXFrameworksBuildPhase section */

/* Begin PBXGroup section */
		8C8C0F612607D4A800E7B987 = {
			isa = PBXGroup;
			children = (
				8C8C0FA82607D4EF00E7B987 /* IV */,
				8C8C0F6C2607D4A800E7B987 /* IVExample */,
				8C8C0F832607D4A900E7B987 /* IVExampleTests */,
				8C8C0F8E2607D4A900E7B987 /* IVExampleUITests */,
				8C8C0F6B2607D4A800E7B987 /* Products */,
				8C8C0FBD2607D61E00E7B987 /* Frameworks */,
			);
			sourceTree = "<group>";
		};
		8C8C0F6B2607D4A800E7B987 /* Products */ = {
			isa = PBXGroup;
			children = (
				8C8C0F6A2607D4A800E7B987 /* IVExample.app */,
				8C8C0F802607D4A900E7B987 /* IVExampleTests.xctest */,
				8C8C0F8B2607D4A900E7B987 /* IVExampleUITests.xctest */,
			);
			name = Products;
			sourceTree = "<group>";
		};
		8C8C0F6C2607D4A800E7B987 /* IVExample */ = {
			isa = PBXGroup;
			children = (
				8C8C0FB22607D5C200E7B987 /* Models */,
				8C8C0FAC2607D5C200E7B987 /* Users List */,
				8C8C0F6D2607D4A800E7B987 /* AppDelegate.swift */,
				8C8C0F6F2607D4A800E7B987 /* SceneDelegate.swift */,
				8C8C0F732607D4A800E7B987 /* Main.storyboard */,
				8C8C0F762607D4A900E7B987 /* Assets.xcassets */,
				8C8C0F782607D4A900E7B987 /* LaunchScreen.storyboard */,
				8C8C0F7B2607D4A900E7B987 /* Info.plist */,
			);
			path = IVExample;
			sourceTree = "<group>";
		};
		8C8C0F832607D4A900E7B987 /* IVExampleTests */ = {
			isa = PBXGroup;
			children = (
				8C8C0F842607D4A900E7B987 /* IVExampleTests.swift */,
				8C8C0F862607D4A900E7B987 /* Info.plist */,
			);
			path = IVExampleTests;
			sourceTree = "<group>";
		};
		8C8C0F8E2607D4A900E7B987 /* IVExampleUITests */ = {
			isa = PBXGroup;
			children = (
				8C8C0F8F2607D4A900E7B987 /* IVExampleUITests.swift */,
				8C8C0F912607D4A900E7B987 /* Info.plist */,
			);
			path = IVExampleUITests;
			sourceTree = "<group>";
		};
		8C8C0FAC2607D5C200E7B987 /* Users List */ = {
			isa = PBXGroup;
			children = (
				8C8C0FAD2607D5C200E7B987 /* UsersListCommand.swift */,
				8C8C0FAE2607D5C200E7B987 /* UserViewItem.swift */,
				8C8C0FAF2607D5C200E7B987 /* UsersListEvent.swift */,
				8C8C0FB02607D5C200E7B987 /* UsersListInteractor.swift */,
				8C8C0FB12607D5C200E7B987 /* UsersListView.swift */,
			);
			path = "Users List";
			sourceTree = "<group>";
		};
		8C8C0FB22607D5C200E7B987 /* Models */ = {
			isa = PBXGroup;
			children = (
				8C8C0FB32607D5C200E7B987 /* User.swift */,
			);
			path = Models;
			sourceTree = "<group>";
		};
		8C8C0FBD2607D61E00E7B987 /* Frameworks */ = {
			isa = PBXGroup;
			children = (
			);
			name = Frameworks;
			sourceTree = "<group>";
		};
/* End PBXGroup section */

/* Begin PBXNativeTarget section */
		8C8C0F692607D4A800E7B987 /* IVExample */ = {
			isa = PBXNativeTarget;
			buildConfigurationList = 8C8C0F942607D4A900E7B987 /* Build configuration list for PBXNativeTarget "IVExample" */;
			buildPhases = (
				8C8C0F662607D4A800E7B987 /* Sources */,
				8C8C0F672607D4A800E7B987 /* Frameworks */,
				8C8C0F682607D4A800E7B987 /* Resources */,
			);
			buildRules = (
			);
			dependencies = (
			);
			name = IVExample;
			packageProductDependencies = (
				8C8C0FBE2607D61E00E7B987 /* IV */,
			);
			productName = IVExample;
			productReference = 8C8C0F6A2607D4A800E7B987 /* IVExample.app */;
			productType = "com.apple.product-type.application";
		};
		8C8C0F7F2607D4A900E7B987 /* IVExampleTests */ = {
			isa = PBXNativeTarget;
			buildConfigurationList = 8C8C0F972607D4A900E7B987 /* Build configuration list for PBXNativeTarget "IVExampleTests" */;
			buildPhases = (
				8C8C0F7C2607D4A900E7B987 /* Sources */,
				8C8C0F7D2607D4A900E7B987 /* Frameworks */,
				8C8C0F7E2607D4A900E7B987 /* Resources */,
			);
			buildRules = (
			);
			dependencies = (
				8C8C0F822607D4A900E7B987 /* PBXTargetDependency */,
			);
			name = IVExampleTests;
			productName = IVExampleTests;
			productReference = 8C8C0F802607D4A900E7B987 /* IVExampleTests.xctest */;
			productType = "com.apple.product-type.bundle.unit-test";
		};
		8C8C0F8A2607D4A900E7B987 /* IVExampleUITests */ = {
			isa = PBXNativeTarget;
			buildConfigurationList = 8C8C0F9A2607D4A900E7B987 /* Build configuration list for PBXNativeTarget "IVExampleUITests" */;
			buildPhases = (
				8C8C0F872607D4A900E7B987 /* Sources */,
				8C8C0F882607D4A900E7B987 /* Frameworks */,
				8C8C0F892607D4A900E7B987 /* Resources */,
			);
			buildRules = (
			);
			dependencies = (
				8C8C0F8D2607D4A900E7B987 /* PBXTargetDependency */,
			);
			name = IVExampleUITests;
			productName = IVExampleUITests;
			productReference = 8C8C0F8B2607D4A900E7B987 /* IVExampleUITests.xctest */;
			productType = "com.apple.product-type.bundle.ui-testing";
		};
/* End PBXNativeTarget section */

/* Begin PBXProject section */
		8C8C0F622607D4A800E7B987 /* Project object */ = {
			isa = PBXProject;
			attributes = {
				LastSwiftUpdateCheck = 1240;
				LastUpgradeCheck = 1240;
				TargetAttributes = {
					8C8C0F692607D4A800E7B987 = {
						CreatedOnToolsVersion = 12.4;
					};
					8C8C0F7F2607D4A900E7B987 = {
						CreatedOnToolsVersion = 12.4;
						TestTargetID = 8C8C0F692607D4A800E7B987;
					};
					8C8C0F8A2607D4A900E7B987 = {
						CreatedOnToolsVersion = 12.4;
						TestTargetID = 8C8C0F692607D4A800E7B987;
					};
				};
			};
			buildConfigurationList = 8C8C0F652607D4A800E7B987 /* Build configuration list for PBXProject "IVExample" */;
			compatibilityVersion = "Xcode 9.3";
			developmentRegion = en;
			hasScannedForEncodings = 0;
			knownRegions = (
				en,
				Base,
			);
			mainGroup = 8C8C0F612607D4A800E7B987;
			productRefGroup = 8C8C0F6B2607D4A800E7B987 /* Products */;
			projectDirPath = "";
			projectRoot = "";
			targets = (
				8C8C0F692607D4A800E7B987 /* IVExample */,
				8C8C0F7F2607D4A900E7B987 /* IVExampleTests */,
				8C8C0F8A2607D4A900E7B987 /* IVExampleUITests */,
			);
		};
/* End PBXProject section */

/* Begin PBXResourcesBuildPhase section */
		8C8C0F682607D4A800E7B987 /* Resources */ = {
			isa = PBXResourcesBuildPhase;
			buildActionMask = 2147483647;
			files = (
				8C8C0F7A2607D4A900E7B987 /* LaunchScreen.storyboard in Resources */,
				8C8C0F772607D4A900E7B987 /* Assets.xcassets in Resources */,
				8C8C0F752607D4A800E7B987 /* Main.storyboard in Resources */,
			);
			runOnlyForDeploymentPostprocessing = 0;
		};
		8C8C0F7E2607D4A900E7B987 /* Resources */ = {
			isa = PBXResourcesBuildPhase;
			buildActionMask = 2147483647;
			files = (
			);
			runOnlyForDeploymentPostprocessing = 0;
		};
		8C8C0F892607D4A900E7B987 /* Resources */ = {
			isa = PBXResourcesBuildPhase;
			buildActionMask = 2147483647;
			files = (
			);
			runOnlyForDeploymentPostprocessing = 0;
		};
/* End PBXResourcesBuildPhase section */

/* Begin PBXSourcesBuildPhase section */
		8C8C0F662607D4A800E7B987 /* Sources */ = {
			isa = PBXSourcesBuildPhase;
			buildActionMask = 2147483647;
			files = (
				8C8C0F6E2607D4A800E7B987 /* AppDelegate.swift in Sources */,
				8C8C0F702607D4A800E7B987 /* SceneDelegate.swift in Sources */,
				8C8C0FB52607D5C200E7B987 /* UserViewItem.swift in Sources */,
				8C8C0FB72607D5C200E7B987 /* UsersListInteractor.swift in Sources */,
				8C8C0FB92607D5C200E7B987 /* User.swift in Sources */,
				8C8C0FB42607D5C200E7B987 /* UsersListCommand.swift in Sources */,
				8C8C0FB62607D5C200E7B987 /* UsersListEvent.swift in Sources */,
				8C8C0FB82607D5C200E7B987 /* UsersListView.swift in Sources */,
			);
			runOnlyForDeploymentPostprocessing = 0;
		};
		8C8C0F7C2607D4A900E7B987 /* Sources */ = {
			isa = PBXSourcesBuildPhase;
			buildActionMask = 2147483647;
			files = (
				8C8C0F852607D4A900E7B987 /* IVExampleTests.swift in Sources */,
			);
			runOnlyForDeploymentPostprocessing = 0;
		};
		8C8C0F872607D4A900E7B987 /* Sources */ = {
			isa = PBXSourcesBuildPhase;
			buildActionMask = 2147483647;
			files = (
				8C8C0F902607D4A900E7B987 /* IVExampleUITests.swift in Sources */,
			);
			runOnlyForDeploymentPostprocessing = 0;
		};
/* End PBXSourcesBuildPhase section */

/* Begin PBXTargetDependency section */
		8C8C0F822607D4A900E7B987 /* PBXTargetDependency */ = {
			isa = PBXTargetDependency;
			target = 8C8C0F692607D4A800E7B987 /* IVExample */;
			targetProxy = 8C8C0F812607D4A900E7B987 /* PBXContainerItemProxy */;
		};
		8C8C0F8D2607D4A900E7B987 /* PBXTargetDependency */ = {
			isa = PBXTargetDependency;
			target = 8C8C0F692607D4A800E7B987 /* IVExample */;
			targetProxy = 8C8C0F8C2607D4A900E7B987 /* PBXContainerItemProxy */;
		};
/* End PBXTargetDependency section */

/* Begin PBXVariantGroup section */
		8C8C0F732607D4A800E7B987 /* Main.storyboard */ = {
			isa = PBXVariantGroup;
			children = (
				8C8C0F742607D4A800E7B987 /* Base */,
			);
			name = Main.storyboard;
			sourceTree = "<group>";
		};
		8C8C0F782607D4A900E7B987 /* LaunchScreen.storyboard */ = {
			isa = PBXVariantGroup;
			children = (
				8C8C0F792607D4A900E7B987 /* Base */,
			);
			name = LaunchScreen.storyboard;
			sourceTree = "<group>";
		};
/* End PBXVariantGroup section */

/* Begin XCBuildConfiguration section */
		8C8C0F922607D4A900E7B987 /* Debug */ = {
			isa = XCBuildConfiguration;
			buildSettings = {
				ALWAYS_SEARCH_USER_PATHS = NO;
				CLANG_ANALYZER_NONNULL = YES;
				CLANG_ANALYZER_NUMBER_OBJECT_CONVERSION = YES_AGGRESSIVE;
				CLANG_CXX_LANGUAGE_STANDARD = "gnu++14";
				CLANG_CXX_LIBRARY = "libc++";
				CLANG_ENABLE_MODULES = YES;
				CLANG_ENABLE_OBJC_ARC = YES;
				CLANG_ENABLE_OBJC_WEAK = YES;
				CLANG_WARN_BLOCK_CAPTURE_AUTORELEASING = YES;
				CLANG_WARN_BOOL_CONVERSION = YES;
				CLANG_WARN_COMMA = YES;
				CLANG_WARN_CONSTANT_CONVERSION = YES;
				CLANG_WARN_DEPRECATED_OBJC_IMPLEMENTATIONS = YES;
				CLANG_WARN_DIRECT_OBJC_ISA_USAGE = YES_ERROR;
				CLANG_WARN_DOCUMENTATION_COMMENTS = YES;
				CLANG_WARN_EMPTY_BODY = YES;
				CLANG_WARN_ENUM_CONVERSION = YES;
				CLANG_WARN_INFINITE_RECURSION = YES;
				CLANG_WARN_INT_CONVERSION = YES;
				CLANG_WARN_NON_LITERAL_NULL_CONVERSION = YES;
				CLANG_WARN_OBJC_IMPLICIT_RETAIN_SELF = YES;
				CLANG_WARN_OBJC_LITERAL_CONVERSION = YES;
				CLANG_WARN_OBJC_ROOT_CLASS = YES_ERROR;
				CLANG_WARN_QUOTED_INCLUDE_IN_FRAMEWORK_HEADER = YES;
				CLANG_WARN_RANGE_LOOP_ANALYSIS = YES;
				CLANG_WARN_STRICT_PROTOTYPES = YES;
				CLANG_WARN_SUSPICIOUS_MOVE = YES;
				CLANG_WARN_UNGUARDED_AVAILABILITY = YES_AGGRESSIVE;
				CLANG_WARN_UNREACHABLE_CODE = YES;
				CLANG_WARN__DUPLICATE_METHOD_MATCH = YES;
				COPY_PHASE_STRIP = NO;
				DEBUG_INFORMATION_FORMAT = dwarf;
				ENABLE_STRICT_OBJC_MSGSEND = YES;
				ENABLE_TESTABILITY = YES;
				GCC_C_LANGUAGE_STANDARD = gnu11;
				GCC_DYNAMIC_NO_PIC = NO;
				GCC_NO_COMMON_BLOCKS = YES;
				GCC_OPTIMIZATION_LEVEL = 0;
				GCC_PREPROCESSOR_DEFINITIONS = (
					"DEBUG=1",
					"$(inherited)",
				);
				GCC_WARN_64_TO_32_BIT_CONVERSION = YES;
				GCC_WARN_ABOUT_RETURN_TYPE = YES_ERROR;
				GCC_WARN_UNDECLARED_SELECTOR = YES;
				GCC_WARN_UNINITIALIZED_AUTOS = YES_AGGRESSIVE;
				GCC_WARN_UNUSED_FUNCTION = YES;
				GCC_WARN_UNUSED_VARIABLE = YES;
				IPHONEOS_DEPLOYMENT_TARGET = 14.4;
				MTL_ENABLE_DEBUG_INFO = INCLUDE_SOURCE;
				MTL_FAST_MATH = YES;
				ONLY_ACTIVE_ARCH = YES;
				SDKROOT = iphoneos;
				SWIFT_ACTIVE_COMPILATION_CONDITIONS = DEBUG;
				SWIFT_OPTIMIZATION_LEVEL = "-Onone";
			};
			name = Debug;
		};
		8C8C0F932607D4A900E7B987 /* Release */ = {
			isa = XCBuildConfiguration;
			buildSettings = {
				ALWAYS_SEARCH_USER_PATHS = NO;
				CLANG_ANALYZER_NONNULL = YES;
				CLANG_ANALYZER_NUMBER_OBJECT_CONVERSION = YES_AGGRESSIVE;
				CLANG_CXX_LANGUAGE_STANDARD = "gnu++14";
				CLANG_CXX_LIBRARY = "libc++";
				CLANG_ENABLE_MODULES = YES;
				CLANG_ENABLE_OBJC_ARC = YES;
				CLANG_ENABLE_OBJC_WEAK = YES;
				CLANG_WARN_BLOCK_CAPTURE_AUTORELEASING = YES;
				CLANG_WARN_BOOL_CONVERSION = YES;
				CLANG_WARN_COMMA = YES;
				CLANG_WARN_CONSTANT_CONVERSION = YES;
				CLANG_WARN_DEPRECATED_OBJC_IMPLEMENTATIONS = YES;
				CLANG_WARN_DIRECT_OBJC_ISA_USAGE = YES_ERROR;
				CLANG_WARN_DOCUMENTATION_COMMENTS = YES;
				CLANG_WARN_EMPTY_BODY = YES;
				CLANG_WARN_ENUM_CONVERSION = YES;
				CLANG_WARN_INFINITE_RECURSION = YES;
				CLANG_WARN_INT_CONVERSION = YES;
				CLANG_WARN_NON_LITERAL_NULL_CONVERSION = YES;
				CLANG_WARN_OBJC_IMPLICIT_RETAIN_SELF = YES;
				CLANG_WARN_OBJC_LITERAL_CONVERSION = YES;
				CLANG_WARN_OBJC_ROOT_CLASS = YES_ERROR;
				CLANG_WARN_QUOTED_INCLUDE_IN_FRAMEWORK_HEADER = YES;
				CLANG_WARN_RANGE_LOOP_ANALYSIS = YES;
				CLANG_WARN_STRICT_PROTOTYPES = YES;
				CLANG_WARN_SUSPICIOUS_MOVE = YES;
				CLANG_WARN_UNGUARDED_AVAILABILITY = YES_AGGRESSIVE;
				CLANG_WARN_UNREACHABLE_CODE = YES;
				CLANG_WARN__DUPLICATE_METHOD_MATCH = YES;
				COPY_PHASE_STRIP = NO;
				DEBUG_INFORMATION_FORMAT = "dwarf-with-dsym";
				ENABLE_NS_ASSERTIONS = NO;
				ENABLE_STRICT_OBJC_MSGSEND = YES;
				GCC_C_LANGUAGE_STANDARD = gnu11;
				GCC_NO_COMMON_BLOCKS = YES;
				GCC_WARN_64_TO_32_BIT_CONVERSION = YES;
				GCC_WARN_ABOUT_RETURN_TYPE = YES_ERROR;
				GCC_WARN_UNDECLARED_SELECTOR = YES;
				GCC_WARN_UNINITIALIZED_AUTOS = YES_AGGRESSIVE;
				GCC_WARN_UNUSED_FUNCTION = YES;
				GCC_WARN_UNUSED_VARIABLE = YES;
				IPHONEOS_DEPLOYMENT_TARGET = 14.4;
				MTL_ENABLE_DEBUG_INFO = NO;
				MTL_FAST_MATH = YES;
				SDKROOT = iphoneos;
				SWIFT_COMPILATION_MODE = wholemodule;
				SWIFT_OPTIMIZATION_LEVEL = "-O";
				VALIDATE_PRODUCT = YES;
			};
			name = Release;
		};
		8C8C0F952607D4A900E7B987 /* Debug */ = {
			isa = XCBuildConfiguration;
			buildSettings = {
				ASSETCATALOG_COMPILER_APPICON_NAME = AppIcon;
				ASSETCATALOG_COMPILER_GLOBAL_ACCENT_COLOR_NAME = AccentColor;
				CODE_SIGN_STYLE = Automatic;
				DEVELOPMENT_TEAM = 5P99QDD6WR;
				INFOPLIST_FILE = IVExample/Info.plist;
				LD_RUNPATH_SEARCH_PATHS = (
					"$(inherited)",
					"@executable_path/Frameworks",
				);
				PRODUCT_BUNDLE_IDENTIFIER = com.jacobsikorski.IVExample;
				PRODUCT_NAME = "$(TARGET_NAME)";
				SWIFT_VERSION = 5.0;
				TARGETED_DEVICE_FAMILY = "1,2";
			};
			name = Debug;
		};
		8C8C0F962607D4A900E7B987 /* Release */ = {
			isa = XCBuildConfiguration;
			buildSettings = {
				ASSETCATALOG_COMPILER_APPICON_NAME = AppIcon;
				ASSETCATALOG_COMPILER_GLOBAL_ACCENT_COLOR_NAME = AccentColor;
				CODE_SIGN_STYLE = Automatic;
				DEVELOPMENT_TEAM = 5P99QDD6WR;
				INFOPLIST_FILE = IVExample/Info.plist;
				LD_RUNPATH_SEARCH_PATHS = (
					"$(inherited)",
					"@executable_path/Frameworks",
				);
				PRODUCT_BUNDLE_IDENTIFIER = com.jacobsikorski.IVExample;
				PRODUCT_NAME = "$(TARGET_NAME)";
				SWIFT_VERSION = 5.0;
				TARGETED_DEVICE_FAMILY = "1,2";
			};
			name = Release;
		};
		8C8C0F982607D4A900E7B987 /* Debug */ = {
			isa = XCBuildConfiguration;
			buildSettings = {
				ALWAYS_EMBED_SWIFT_STANDARD_LIBRARIES = YES;
				BUNDLE_LOADER = "$(TEST_HOST)";
				CODE_SIGN_STYLE = Automatic;
				DEVELOPMENT_TEAM = 5P99QDD6WR;
				INFOPLIST_FILE = IVExampleTests/Info.plist;
				IPHONEOS_DEPLOYMENT_TARGET = 14.4;
				LD_RUNPATH_SEARCH_PATHS = (
					"$(inherited)",
					"@executable_path/Frameworks",
					"@loader_path/Frameworks",
				);
				PRODUCT_BUNDLE_IDENTIFIER = com.jacobsikorski.IVExampleTests;
				PRODUCT_NAME = "$(TARGET_NAME)";
				SWIFT_VERSION = 5.0;
				TARGETED_DEVICE_FAMILY = "1,2";
				TEST_HOST = "$(BUILT_PRODUCTS_DIR)/IVExample.app/IVExample";
			};
			name = Debug;
		};
		8C8C0F992607D4A900E7B987 /* Release */ = {
			isa = XCBuildConfiguration;
			buildSettings = {
				ALWAYS_EMBED_SWIFT_STANDARD_LIBRARIES = YES;
				BUNDLE_LOADER = "$(TEST_HOST)";
				CODE_SIGN_STYLE = Automatic;
				DEVELOPMENT_TEAM = 5P99QDD6WR;
				INFOPLIST_FILE = IVExampleTests/Info.plist;
				IPHONEOS_DEPLOYMENT_TARGET = 14.4;
				LD_RUNPATH_SEARCH_PATHS = (
					"$(inherited)",
					"@executable_path/Frameworks",
					"@loader_path/Frameworks",
				);
				PRODUCT_BUNDLE_IDENTIFIER = com.jacobsikorski.IVExampleTests;
				PRODUCT_NAME = "$(TARGET_NAME)";
				SWIFT_VERSION = 5.0;
				TARGETED_DEVICE_FAMILY = "1,2";
				TEST_HOST = "$(BUILT_PRODUCTS_DIR)/IVExample.app/IVExample";
			};
			name = Release;
		};
		8C8C0F9B2607D4A900E7B987 /* Debug */ = {
			isa = XCBuildConfiguration;
			buildSettings = {
				ALWAYS_EMBED_SWIFT_STANDARD_LIBRARIES = YES;
				CODE_SIGN_STYLE = Automatic;
				DEVELOPMENT_TEAM = 5P99QDD6WR;
				INFOPLIST_FILE = IVExampleUITests/Info.plist;
				LD_RUNPATH_SEARCH_PATHS = (
					"$(inherited)",
					"@executable_path/Frameworks",
					"@loader_path/Frameworks",
				);
				PRODUCT_BUNDLE_IDENTIFIER = com.jacobsikorski.IVExampleUITests;
				PRODUCT_NAME = "$(TARGET_NAME)";
				SWIFT_VERSION = 5.0;
				TARGETED_DEVICE_FAMILY = "1,2";
				TEST_TARGET_NAME = IVExample;
			};
			name = Debug;
		};
		8C8C0F9C2607D4A900E7B987 /* Release */ = {
			isa = XCBuildConfiguration;
			buildSettings = {
				ALWAYS_EMBED_SWIFT_STANDARD_LIBRARIES = YES;
				CODE_SIGN_STYLE = Automatic;
				DEVELOPMENT_TEAM = 5P99QDD6WR;
				INFOPLIST_FILE = IVExampleUITests/Info.plist;
				LD_RUNPATH_SEARCH_PATHS = (
					"$(inherited)",
					"@executable_path/Frameworks",
					"@loader_path/Frameworks",
				);
				PRODUCT_BUNDLE_IDENTIFIER = com.jacobsikorski.IVExampleUITests;
				PRODUCT_NAME = "$(TARGET_NAME)";
				SWIFT_VERSION = 5.0;
				TARGETED_DEVICE_FAMILY = "1,2";
				TEST_TARGET_NAME = IVExample;
			};
			name = Release;
		};
/* End XCBuildConfiguration section */

/* Begin XCConfigurationList section */
		8C8C0F652607D4A800E7B987 /* Build configuration list for PBXProject "IVExample" */ = {
			isa = XCConfigurationList;
			buildConfigurations = (
				8C8C0F922607D4A900E7B987 /* Debug */,
				8C8C0F932607D4A900E7B987 /* Release */,
			);
			defaultConfigurationIsVisible = 0;
			defaultConfigurationName = Release;
		};
		8C8C0F942607D4A900E7B987 /* Build configuration list for PBXNativeTarget "IVExample" */ = {
			isa = XCConfigurationList;
			buildConfigurations = (
				8C8C0F952607D4A900E7B987 /* Debug */,
				8C8C0F962607D4A900E7B987 /* Release */,
			);
			defaultConfigurationIsVisible = 0;
			defaultConfigurationName = Release;
		};
		8C8C0F972607D4A900E7B987 /* Build configuration list for PBXNativeTarget "IVExampleTests" */ = {
			isa = XCConfigurationList;
			buildConfigurations = (
				8C8C0F982607D4A900E7B987 /* Debug */,
				8C8C0F992607D4A900E7B987 /* Release */,
			);
			defaultConfigurationIsVisible = 0;
			defaultConfigurationName = Release;
		};
		8C8C0F9A2607D4A900E7B987 /* Build configuration list for PBXNativeTarget "IVExampleUITests" */ = {
			isa = XCConfigurationList;
			buildConfigurations = (
				8C8C0F9B2607D4A900E7B987 /* Debug */,
				8C8C0F9C2607D4A900E7B987 /* Release */,
			);
			defaultConfigurationIsVisible = 0;
			defaultConfigurationName = Release;
		};
/* End XCConfigurationList section */

/* Begin XCSwiftPackageProductDependency section */
		8C8C0FBE2607D61E00E7B987 /* IV */ = {
			isa = XCSwiftPackageProductDependency;
			productName = IV;
		};
/* End XCSwiftPackageProductDependency section */
	};
	rootObject = 8C8C0F622607D4A800E7B987 /* Project object */;
}
